// !$*UTF8*$!
{
	archiveVersion = 1;
	classes = {
	};
	objectVersion = 56;
	objects = {

/* Begin PBXBuildFile section */
		DF0B85DC28FDA308001C53C3 /* AppDelegate.swift in Sources */ = {isa = PBXBuildFile; fileRef = DF0B85DB28FDA308001C53C3 /* AppDelegate.swift */; };
		DF0B85DE28FDA308001C53C3 /* SceneDelegate.swift in Sources */ = {isa = PBXBuildFile; fileRef = DF0B85DD28FDA308001C53C3 /* SceneDelegate.swift */; };
		DF0B85E628FDA308001C53C3 /* Dub_Dub.xcdatamodeld in Sources */ = {isa = PBXBuildFile; fileRef = DF0B85E428FDA308001C53C3 /* Dub_Dub.xcdatamodeld */; };
		DF0B85E828FDA309001C53C3 /* Assets.xcassets in Resources */ = {isa = PBXBuildFile; fileRef = DF0B85E728FDA309001C53C3 /* Assets.xcassets */; };
		DF0B85EB28FDA309001C53C3 /* LaunchScreen.storyboard in Resources */ = {isa = PBXBuildFile; fileRef = DF0B85E928FDA309001C53C3 /* LaunchScreen.storyboard */; };
		DF0B85F628FDA309001C53C3 /* Dub_DubTests.swift in Sources */ = {isa = PBXBuildFile; fileRef = DF0B85F528FDA309001C53C3 /* Dub_DubTests.swift */; };
		DF0B861628FDA4AE001C53C3 /* CharactersExplorerController.swift in Sources */ = {isa = PBXBuildFile; fileRef = DF0B861528FDA4AE001C53C3 /* CharactersExplorerController.swift */; };
		DF0B861828FDA617001C53C3 /* CharactersExplorerView.swift in Sources */ = {isa = PBXBuildFile; fileRef = DF0B861728FDA617001C53C3 /* CharactersExplorerView.swift */; };
		DF0B861D28FDA754001C53C3 /* ViewCoding.swift in Sources */ = {isa = PBXBuildFile; fileRef = DF0B861C28FDA754001C53C3 /* ViewCoding.swift */; };
		DF0B861F28FDA8E5001C53C3 /* CharactersExplorerFactory.swift in Sources */ = {isa = PBXBuildFile; fileRef = DF0B861E28FDA8E5001C53C3 /* CharactersExplorerFactory.swift */; };
		DF0B862228FDAA77001C53C3 /* CharacterNetworkingWorker.swift in Sources */ = {isa = PBXBuildFile; fileRef = DF0B862128FDAA77001C53C3 /* CharacterNetworkingWorker.swift */; };
		DF0B863228FDC527001C53C3 /* EndpointProtocol.swift in Sources */ = {isa = PBXBuildFile; fileRef = DF0B863128FDC527001C53C3 /* EndpointProtocol.swift */; };
		DF0B863428FDC5B6001C53C3 /* CharactersEndpoint.swift in Sources */ = {isa = PBXBuildFile; fileRef = DF0B863328FDC5B6001C53C3 /* CharactersEndpoint.swift */; };
		DF0B863728FDC691001C53C3 /* APIConstants.swift in Sources */ = {isa = PBXBuildFile; fileRef = DF0B863628FDC691001C53C3 /* APIConstants.swift */; };
		DF0B863928FDC88E001C53C3 /* URLSessionHTTPClient.swift in Sources */ = {isa = PBXBuildFile; fileRef = DF0B863828FDC88E001C53C3 /* URLSessionHTTPClient.swift */; };
		DF0B863C28FDC8CC001C53C3 /* APICallError.swift in Sources */ = {isa = PBXBuildFile; fileRef = DF0B863B28FDC8CC001C53C3 /* APICallError.swift */; };
		DF0B864028FDCAE9001C53C3 /* PaginationResponse.swift in Sources */ = {isa = PBXBuildFile; fileRef = DF0B863F28FDCAE9001C53C3 /* PaginationResponse.swift */; };
		DF0B864228FDCBA5001C53C3 /* CharacterResponse.swift in Sources */ = {isa = PBXBuildFile; fileRef = DF0B864128FDCBA5001C53C3 /* CharacterResponse.swift */; };
		DF0B867D28FEE3DC001C53C3 /* Characters.swift in Sources */ = {isa = PBXBuildFile; fileRef = DF0B867C28FEE3DC001C53C3 /* Characters.swift */; };
		DF0B867F28FEE493001C53C3 /* APICharacters.swift in Sources */ = {isa = PBXBuildFile; fileRef = DF0B867E28FEE493001C53C3 /* APICharacters.swift */; };
		DF0B868228FEF3B6001C53C3 /* String.swift in Sources */ = {isa = PBXBuildFile; fileRef = DF0B868128FEF3B6001C53C3 /* String.swift */; };
		DF0B868828FF2E73001C53C3 /* CharacterBigCell.swift in Sources */ = {isa = PBXBuildFile; fileRef = DF0B868728FF2E73001C53C3 /* CharacterBigCell.swift */; };
		DF0B868A28FF35B0001C53C3 /* CharacterImageSpace.swift in Sources */ = {isa = PBXBuildFile; fileRef = DF0B868928FF35B0001C53C3 /* CharacterImageSpace.swift */; };
		DF0B868C28FF361F001C53C3 /* UIImageView.swift in Sources */ = {isa = PBXBuildFile; fileRef = DF0B868B28FF361F001C53C3 /* UIImageView.swift */; };
		DF0B868F28FF3E36001C53C3 /* CharactersExplorerInteractor.swift in Sources */ = {isa = PBXBuildFile; fileRef = DF0B868E28FF3E36001C53C3 /* CharactersExplorerInteractor.swift */; };
		DF0B869228FF416B001C53C3 /* CharactersExplorerPresenter.swift in Sources */ = {isa = PBXBuildFile; fileRef = DF0B869128FF416B001C53C3 /* CharactersExplorerPresenter.swift */; };
		DF0B869428FF7DD5001C53C3 /* CharacterTextContent.swift in Sources */ = {isa = PBXBuildFile; fileRef = DF0B869328FF7DD5001C53C3 /* CharacterTextContent.swift */; };
		DF0B86982900B77F001C53C3 /* FilterFormController.swift in Sources */ = {isa = PBXBuildFile; fileRef = DF0B86972900B77F001C53C3 /* FilterFormController.swift */; };
		DF0B869B2900B7EE001C53C3 /* CharactersExplorerRouter.swift in Sources */ = {isa = PBXBuildFile; fileRef = DF0B869A2900B7EE001C53C3 /* CharactersExplorerRouter.swift */; };
		DF0B86A02900BEAC001C53C3 /* FilterFormView.swift in Sources */ = {isa = PBXBuildFile; fileRef = DF0B869F2900BEAC001C53C3 /* FilterFormView.swift */; };
		DF0B86A32900C13B001C53C3 /* FilterFormFactory.swift in Sources */ = {isa = PBXBuildFile; fileRef = DF0B86A22900C13B001C53C3 /* FilterFormFactory.swift */; };
		DF0B86A52900C53F001C53C3 /* CharacterInfo.swift in Sources */ = {isa = PBXBuildFile; fileRef = DF0B86A42900C53F001C53C3 /* CharacterInfo.swift */; };
		DF0B86A82900C749001C53C3 /* PickerImageView.swift in Sources */ = {isa = PBXBuildFile; fileRef = DF0B86A72900C749001C53C3 /* PickerImageView.swift */; };
		DF0B86AA2900CAB4001C53C3 /* PickerImageViewCell.swift in Sources */ = {isa = PBXBuildFile; fileRef = DF0B86A92900CAB4001C53C3 /* PickerImageViewCell.swift */; };
		DF8E8E3329018ACA00EA292D /* CharacterFilter.swift in Sources */ = {isa = PBXBuildFile; fileRef = DF8E8E3229018ACA00EA292D /* CharacterFilter.swift */; };
		DF8E8E382901A78B00EA292D /* FilterFormInteractor.swift in Sources */ = {isa = PBXBuildFile; fileRef = DF8E8E372901A78B00EA292D /* FilterFormInteractor.swift */; };
		DFC34A732901AEBD00E0F688 /* FilterFormPresenter.swift in Sources */ = {isa = PBXBuildFile; fileRef = DFC34A722901AEBD00E0F688 /* FilterFormPresenter.swift */; };
		DFC34A752901B37B00E0F688 /* FilterFormRouter.swift in Sources */ = {isa = PBXBuildFile; fileRef = DFC34A742901B37B00E0F688 /* FilterFormRouter.swift */; };
/* End PBXBuildFile section */

/* Begin PBXContainerItemProxy section */
		DF0B85F228FDA309001C53C3 /* PBXContainerItemProxy */ = {
			isa = PBXContainerItemProxy;
			containerPortal = DF0B85D028FDA308001C53C3 /* Project object */;
			proxyType = 1;
			remoteGlobalIDString = DF0B85D728FDA308001C53C3;
			remoteInfo = "Dub Dub";
		};
		DF0B85FC28FDA309001C53C3 /* PBXContainerItemProxy */ = {
			isa = PBXContainerItemProxy;
			containerPortal = DF0B85D028FDA308001C53C3 /* Project object */;
			proxyType = 1;
			remoteGlobalIDString = DF0B85D728FDA308001C53C3;
			remoteInfo = "Dub Dub";
		};
/* End PBXContainerItemProxy section */

/* Begin PBXFileReference section */
		DF0B85D828FDA308001C53C3 /* Dub Dub.app */ = {isa = PBXFileReference; explicitFileType = wrapper.application; includeInIndex = 0; path = "Dub Dub.app"; sourceTree = BUILT_PRODUCTS_DIR; };
		DF0B85DB28FDA308001C53C3 /* AppDelegate.swift */ = {isa = PBXFileReference; lastKnownFileType = sourcecode.swift; path = AppDelegate.swift; sourceTree = "<group>"; };
		DF0B85DD28FDA308001C53C3 /* SceneDelegate.swift */ = {isa = PBXFileReference; lastKnownFileType = sourcecode.swift; path = SceneDelegate.swift; sourceTree = "<group>"; };
		DF0B85E528FDA308001C53C3 /* Dub_Dub.xcdatamodel */ = {isa = PBXFileReference; lastKnownFileType = wrapper.xcdatamodel; path = Dub_Dub.xcdatamodel; sourceTree = "<group>"; };
		DF0B85E728FDA309001C53C3 /* Assets.xcassets */ = {isa = PBXFileReference; lastKnownFileType = folder.assetcatalog; path = Assets.xcassets; sourceTree = "<group>"; };
		DF0B85EA28FDA309001C53C3 /* Base */ = {isa = PBXFileReference; lastKnownFileType = file.storyboard; name = Base; path = Base.lproj/LaunchScreen.storyboard; sourceTree = "<group>"; };
		DF0B85EC28FDA309001C53C3 /* Info.plist */ = {isa = PBXFileReference; lastKnownFileType = text.plist.xml; path = Info.plist; sourceTree = "<group>"; };
		DF0B85F128FDA309001C53C3 /* Dub DubTests.xctest */ = {isa = PBXFileReference; explicitFileType = wrapper.cfbundle; includeInIndex = 0; path = "Dub DubTests.xctest"; sourceTree = BUILT_PRODUCTS_DIR; };
		DF0B85F528FDA309001C53C3 /* Dub_DubTests.swift */ = {isa = PBXFileReference; lastKnownFileType = sourcecode.swift; path = Dub_DubTests.swift; sourceTree = "<group>"; };
		DF0B85FB28FDA309001C53C3 /* Dub DubUITests.xctest */ = {isa = PBXFileReference; explicitFileType = wrapper.cfbundle; includeInIndex = 0; path = "Dub DubUITests.xctest"; sourceTree = BUILT_PRODUCTS_DIR; };
		DF0B861528FDA4AE001C53C3 /* CharactersExplorerController.swift */ = {isa = PBXFileReference; lastKnownFileType = sourcecode.swift; path = CharactersExplorerController.swift; sourceTree = "<group>"; };
		DF0B861728FDA617001C53C3 /* CharactersExplorerView.swift */ = {isa = PBXFileReference; lastKnownFileType = sourcecode.swift; path = CharactersExplorerView.swift; sourceTree = "<group>"; };
		DF0B861C28FDA754001C53C3 /* ViewCoding.swift */ = {isa = PBXFileReference; lastKnownFileType = sourcecode.swift; path = ViewCoding.swift; sourceTree = "<group>"; };
		DF0B861E28FDA8E5001C53C3 /* CharactersExplorerFactory.swift */ = {isa = PBXFileReference; lastKnownFileType = sourcecode.swift; path = CharactersExplorerFactory.swift; sourceTree = "<group>"; };
		DF0B862128FDAA77001C53C3 /* CharacterNetworkingWorker.swift */ = {isa = PBXFileReference; lastKnownFileType = sourcecode.swift; path = CharacterNetworkingWorker.swift; sourceTree = "<group>"; };
		DF0B863128FDC527001C53C3 /* EndpointProtocol.swift */ = {isa = PBXFileReference; lastKnownFileType = sourcecode.swift; path = EndpointProtocol.swift; sourceTree = "<group>"; };
		DF0B863328FDC5B6001C53C3 /* CharactersEndpoint.swift */ = {isa = PBXFileReference; lastKnownFileType = sourcecode.swift; path = CharactersEndpoint.swift; sourceTree = "<group>"; };
		DF0B863628FDC691001C53C3 /* APIConstants.swift */ = {isa = PBXFileReference; lastKnownFileType = sourcecode.swift; path = APIConstants.swift; sourceTree = "<group>"; };
		DF0B863828FDC88E001C53C3 /* URLSessionHTTPClient.swift */ = {isa = PBXFileReference; lastKnownFileType = sourcecode.swift; path = URLSessionHTTPClient.swift; sourceTree = "<group>"; };
		DF0B863B28FDC8CC001C53C3 /* APICallError.swift */ = {isa = PBXFileReference; lastKnownFileType = sourcecode.swift; path = APICallError.swift; sourceTree = "<group>"; };
		DF0B863F28FDCAE9001C53C3 /* PaginationResponse.swift */ = {isa = PBXFileReference; lastKnownFileType = sourcecode.swift; path = PaginationResponse.swift; sourceTree = "<group>"; };
		DF0B864128FDCBA5001C53C3 /* CharacterResponse.swift */ = {isa = PBXFileReference; lastKnownFileType = sourcecode.swift; path = CharacterResponse.swift; sourceTree = "<group>"; };
		DF0B867C28FEE3DC001C53C3 /* Characters.swift */ = {isa = PBXFileReference; lastKnownFileType = sourcecode.swift; path = Characters.swift; sourceTree = "<group>"; };
		DF0B867E28FEE493001C53C3 /* APICharacters.swift */ = {isa = PBXFileReference; lastKnownFileType = sourcecode.swift; path = APICharacters.swift; sourceTree = "<group>"; };
		DF0B868128FEF3B6001C53C3 /* String.swift */ = {isa = PBXFileReference; lastKnownFileType = sourcecode.swift; path = String.swift; sourceTree = "<group>"; };
		DF0B868728FF2E73001C53C3 /* CharacterBigCell.swift */ = {isa = PBXFileReference; lastKnownFileType = sourcecode.swift; path = CharacterBigCell.swift; sourceTree = "<group>"; };
		DF0B868928FF35B0001C53C3 /* CharacterImageSpace.swift */ = {isa = PBXFileReference; lastKnownFileType = sourcecode.swift; path = CharacterImageSpace.swift; sourceTree = "<group>"; };
		DF0B868B28FF361F001C53C3 /* UIImageView.swift */ = {isa = PBXFileReference; lastKnownFileType = sourcecode.swift; path = UIImageView.swift; sourceTree = "<group>"; };
		DF0B868E28FF3E36001C53C3 /* CharactersExplorerInteractor.swift */ = {isa = PBXFileReference; lastKnownFileType = sourcecode.swift; path = CharactersExplorerInteractor.swift; sourceTree = "<group>"; };
		DF0B869128FF416B001C53C3 /* CharactersExplorerPresenter.swift */ = {isa = PBXFileReference; lastKnownFileType = sourcecode.swift; path = CharactersExplorerPresenter.swift; sourceTree = "<group>"; };
		DF0B869328FF7DD5001C53C3 /* CharacterTextContent.swift */ = {isa = PBXFileReference; lastKnownFileType = sourcecode.swift; path = CharacterTextContent.swift; sourceTree = "<group>"; };
		DF0B86972900B77F001C53C3 /* FilterFormController.swift */ = {isa = PBXFileReference; lastKnownFileType = sourcecode.swift; path = FilterFormController.swift; sourceTree = "<group>"; };
		DF0B869A2900B7EE001C53C3 /* CharactersExplorerRouter.swift */ = {isa = PBXFileReference; lastKnownFileType = sourcecode.swift; path = CharactersExplorerRouter.swift; sourceTree = "<group>"; };
		DF0B869F2900BEAC001C53C3 /* FilterFormView.swift */ = {isa = PBXFileReference; lastKnownFileType = sourcecode.swift; path = FilterFormView.swift; sourceTree = "<group>"; };
		DF0B86A22900C13B001C53C3 /* FilterFormFactory.swift */ = {isa = PBXFileReference; lastKnownFileType = sourcecode.swift; path = FilterFormFactory.swift; sourceTree = "<group>"; };
		DF0B86A42900C53F001C53C3 /* CharacterInfo.swift */ = {isa = PBXFileReference; lastKnownFileType = sourcecode.swift; path = CharacterInfo.swift; sourceTree = "<group>"; };
		DF0B86A72900C749001C53C3 /* PickerImageView.swift */ = {isa = PBXFileReference; lastKnownFileType = sourcecode.swift; path = PickerImageView.swift; sourceTree = "<group>"; };
		DF0B86A92900CAB4001C53C3 /* PickerImageViewCell.swift */ = {isa = PBXFileReference; lastKnownFileType = sourcecode.swift; path = PickerImageViewCell.swift; sourceTree = "<group>"; };
		DF8E8E3229018ACA00EA292D /* CharacterFilter.swift */ = {isa = PBXFileReference; lastKnownFileType = sourcecode.swift; path = CharacterFilter.swift; sourceTree = "<group>"; };
		DF8E8E372901A78B00EA292D /* FilterFormInteractor.swift */ = {isa = PBXFileReference; lastKnownFileType = sourcecode.swift; path = FilterFormInteractor.swift; sourceTree = "<group>"; };
		DFC34A722901AEBD00E0F688 /* FilterFormPresenter.swift */ = {isa = PBXFileReference; lastKnownFileType = sourcecode.swift; path = FilterFormPresenter.swift; sourceTree = "<group>"; };
		DFC34A742901B37B00E0F688 /* FilterFormRouter.swift */ = {isa = PBXFileReference; lastKnownFileType = sourcecode.swift; path = FilterFormRouter.swift; sourceTree = "<group>"; };
/* End PBXFileReference section */

/* Begin PBXFrameworksBuildPhase section */
		DF0B85D528FDA308001C53C3 /* Frameworks */ = {
			isa = PBXFrameworksBuildPhase;
			buildActionMask = 2147483647;
			files = (
			);
			runOnlyForDeploymentPostprocessing = 0;
		};
		DF0B85EE28FDA309001C53C3 /* Frameworks */ = {
			isa = PBXFrameworksBuildPhase;
			buildActionMask = 2147483647;
			files = (
			);
			runOnlyForDeploymentPostprocessing = 0;
		};
		DF0B85F828FDA309001C53C3 /* Frameworks */ = {
			isa = PBXFrameworksBuildPhase;
			buildActionMask = 2147483647;
			files = (
			);
			runOnlyForDeploymentPostprocessing = 0;
		};
/* End PBXFrameworksBuildPhase section */

/* Begin PBXGroup section */
		DF0B85CF28FDA308001C53C3 = {
			isa = PBXGroup;
			children = (
				DF0B85DA28FDA308001C53C3 /* Dub Dub */,
				DF0B85F428FDA309001C53C3 /* Dub DubTests */,
				DF0B85D928FDA308001C53C3 /* Products */,
			);
			sourceTree = "<group>";
		};
		DF0B85D928FDA308001C53C3 /* Products */ = {
			isa = PBXGroup;
			children = (
				DF0B85D828FDA308001C53C3 /* Dub Dub.app */,
				DF0B85F128FDA309001C53C3 /* Dub DubTests.xctest */,
				DF0B85FB28FDA309001C53C3 /* Dub DubUITests.xctest */,
			);
			name = Products;
			sourceTree = "<group>";
		};
		DF0B85DA28FDA308001C53C3 /* Dub Dub */ = {
			isa = PBXGroup;
			children = (
				DF0B861028FDA330001C53C3 /* Resource */,
				DF0B860F28FDA323001C53C3 /* Application */,
				DF0B860E28FDA319001C53C3 /* Source */,
				DF0B85EC28FDA309001C53C3 /* Info.plist */,
				DF0B85E428FDA308001C53C3 /* Dub_Dub.xcdatamodeld */,
			);
			path = "Dub Dub";
			sourceTree = "<group>";
		};
		DF0B85F428FDA309001C53C3 /* Dub DubTests */ = {
			isa = PBXGroup;
			children = (
				DF0B85F528FDA309001C53C3 /* Dub_DubTests.swift */,
			);
			path = "Dub DubTests";
			sourceTree = "<group>";
		};
		DF0B860E28FDA319001C53C3 /* Source */ = {
			isa = PBXGroup;
			children = (
				DF0B869C2900BAFE001C53C3 /* Utils */,
				DF0B862F28FDC433001C53C3 /* NetworkingClient */,
				DF0B861128FDA371001C53C3 /* Scenes */,
			);
			path = Source;
			sourceTree = "<group>";
		};
		DF0B860F28FDA323001C53C3 /* Application */ = {
			isa = PBXGroup;
			children = (
				DF0B85E928FDA309001C53C3 /* LaunchScreen.storyboard */,
				DF0B85DB28FDA308001C53C3 /* AppDelegate.swift */,
				DF0B85DD28FDA308001C53C3 /* SceneDelegate.swift */,
			);
			path = Application;
			sourceTree = "<group>";
		};
		DF0B861028FDA330001C53C3 /* Resource */ = {
			isa = PBXGroup;
			children = (
				DF0B85E728FDA309001C53C3 /* Assets.xcassets */,
			);
			path = Resource;
			sourceTree = "<group>";
		};
		DF0B861128FDA371001C53C3 /* Scenes */ = {
			isa = PBXGroup;
			children = (
				DF0B86952900B753001C53C3 /* FilterForm */,
				DF0B861228FDA39F001C53C3 /* CharactersExplorer */,
			);
			path = Scenes;
			sourceTree = "<group>";
		};
		DF0B861228FDA39F001C53C3 /* CharactersExplorer */ = {
			isa = PBXGroup;
			children = (
				DF0B861A28FDA686001C53C3 /* Factory */,
				DF0B861328FDA460001C53C3 /* View */,
				DF0B861428FDA46A001C53C3 /* Controller */,
				DF0B86992900B7D1001C53C3 /* Router */,
				DF0B868D28FF3E1D001C53C3 /* Interactor */,
				DF0B869028FF40BC001C53C3 /* Presenter */,
				DF0B862028FDAA4B001C53C3 /* Worker */,
				DF0B863D28FDCA23001C53C3 /* Model */,
			);
			path = CharactersExplorer;
			sourceTree = "<group>";
		};
		DF0B861328FDA460001C53C3 /* View */ = {
			isa = PBXGroup;
			children = (
				DF0B868628FF2E47001C53C3 /* UI Components */,
				DF0B861728FDA617001C53C3 /* CharactersExplorerView.swift */,
			);
			path = View;
			sourceTree = "<group>";
		};
		DF0B861428FDA46A001C53C3 /* Controller */ = {
			isa = PBXGroup;
			children = (
				DF0B861528FDA4AE001C53C3 /* CharactersExplorerController.swift */,
			);
			path = Controller;
			sourceTree = "<group>";
		};
		DF0B861A28FDA686001C53C3 /* Factory */ = {
			isa = PBXGroup;
			children = (
				DF0B861E28FDA8E5001C53C3 /* CharactersExplorerFactory.swift */,
			);
			path = Factory;
			sourceTree = "<group>";
		};
		DF0B862028FDAA4B001C53C3 /* Worker */ = {
			isa = PBXGroup;
			children = (
				DF0B863E28FDCA3F001C53C3 /* ResponseModels */,
				DF0B862128FDAA77001C53C3 /* CharacterNetworkingWorker.swift */,
			);
			path = Worker;
			sourceTree = "<group>";
		};
		DF0B862F28FDC433001C53C3 /* NetworkingClient */ = {
			isa = PBXGroup;
			children = (
				DF0B863028FDC479001C53C3 /* Endpoints */,
				DF0B863828FDC88E001C53C3 /* URLSessionHTTPClient.swift */,
			);
			path = NetworkingClient;
			sourceTree = "<group>";
		};
		DF0B863028FDC479001C53C3 /* Endpoints */ = {
			isa = PBXGroup;
			children = (
				DF0B863328FDC5B6001C53C3 /* CharactersEndpoint.swift */,
			);
			path = Endpoints;
			sourceTree = "<group>";
		};
		DF0B863A28FDC8B7001C53C3 /* Enums */ = {
			isa = PBXGroup;
			children = (
				DF0B86A42900C53F001C53C3 /* CharacterInfo.swift */,
				DF0B863628FDC691001C53C3 /* APIConstants.swift */,
				DF0B863B28FDC8CC001C53C3 /* APICallError.swift */,
			);
			path = Enums;
			sourceTree = "<group>";
		};
		DF0B863D28FDCA23001C53C3 /* Model */ = {
			isa = PBXGroup;
			children = (
				DF0B867C28FEE3DC001C53C3 /* Characters.swift */,
				DF8E8E3229018ACA00EA292D /* CharacterFilter.swift */,
			);
			path = Model;
			sourceTree = "<group>";
		};
		DF0B863E28FDCA3F001C53C3 /* ResponseModels */ = {
			isa = PBXGroup;
			children = (
				DF0B863F28FDCAE9001C53C3 /* PaginationResponse.swift */,
				DF0B864128FDCBA5001C53C3 /* CharacterResponse.swift */,
				DF0B867E28FEE493001C53C3 /* APICharacters.swift */,
			);
			path = ResponseModels;
			sourceTree = "<group>";
		};
		DF0B868028FEF3A0001C53C3 /* Extensions */ = {
			isa = PBXGroup;
			children = (
				DF0B868128FEF3B6001C53C3 /* String.swift */,
				DF0B868B28FF361F001C53C3 /* UIImageView.swift */,
			);
			path = Extensions;
			sourceTree = "<group>";
		};
		DF0B868628FF2E47001C53C3 /* UI Components */ = {
			isa = PBXGroup;
			children = (
				DF0B868728FF2E73001C53C3 /* CharacterBigCell.swift */,
				DF0B868928FF35B0001C53C3 /* CharacterImageSpace.swift */,
				DF0B869328FF7DD5001C53C3 /* CharacterTextContent.swift */,
			);
			path = "UI Components";
			sourceTree = "<group>";
		};
		DF0B868D28FF3E1D001C53C3 /* Interactor */ = {
			isa = PBXGroup;
			children = (
				DF0B868E28FF3E36001C53C3 /* CharactersExplorerInteractor.swift */,
			);
			path = Interactor;
			sourceTree = "<group>";
		};
		DF0B869028FF40BC001C53C3 /* Presenter */ = {
			isa = PBXGroup;
			children = (
				DF0B869128FF416B001C53C3 /* CharactersExplorerPresenter.swift */,
			);
			path = Presenter;
			sourceTree = "<group>";
		};
		DF0B86952900B753001C53C3 /* FilterForm */ = {
			isa = PBXGroup;
			children = (
				DF0B86A12900C127001C53C3 /* Factory */,
				DF0B869E2900BCB1001C53C3 /* View */,
				DF0B86962900B76C001C53C3 /* Controller */,
				DF8E8E362901A76400EA292D /* Router */,
				DF8E8E342901A75600EA292D /* Interactor */,
				DF8E8E352901A75D00EA292D /* Presenter */,
			);
			path = FilterForm;
			sourceTree = "<group>";
		};
		DF0B86962900B76C001C53C3 /* Controller */ = {
			isa = PBXGroup;
			children = (
				DF0B86972900B77F001C53C3 /* FilterFormController.swift */,
			);
			path = Controller;
			sourceTree = "<group>";
		};
		DF0B86992900B7D1001C53C3 /* Router */ = {
			isa = PBXGroup;
			children = (
				DF0B869A2900B7EE001C53C3 /* CharactersExplorerRouter.swift */,
			);
			path = Router;
			sourceTree = "<group>";
		};
		DF0B869C2900BAFE001C53C3 /* Utils */ = {
			isa = PBXGroup;
			children = (
				DF0B868028FEF3A0001C53C3 /* Extensions */,
				DF0B869D2900BB49001C53C3 /* Protocols */,
				DF0B863A28FDC8B7001C53C3 /* Enums */,
			);
			path = Utils;
			sourceTree = "<group>";
		};
		DF0B869D2900BB49001C53C3 /* Protocols */ = {
			isa = PBXGroup;
			children = (
				DF0B861C28FDA754001C53C3 /* ViewCoding.swift */,
				DF0B863128FDC527001C53C3 /* EndpointProtocol.swift */,
			);
			path = Protocols;
			sourceTree = "<group>";
		};
		DF0B869E2900BCB1001C53C3 /* View */ = {
			isa = PBXGroup;
			children = (
				DF0B86A62900C722001C53C3 /* UI Components */,
				DF0B869F2900BEAC001C53C3 /* FilterFormView.swift */,
			);
			path = View;
			sourceTree = "<group>";
		};
		DF0B86A12900C127001C53C3 /* Factory */ = {
			isa = PBXGroup;
			children = (
				DF0B86A22900C13B001C53C3 /* FilterFormFactory.swift */,
			);
			path = Factory;
			sourceTree = "<group>";
		};
		DF0B86A62900C722001C53C3 /* UI Components */ = {
			isa = PBXGroup;
			children = (
				DF0B86A72900C749001C53C3 /* PickerImageView.swift */,
				DF0B86A92900CAB4001C53C3 /* PickerImageViewCell.swift */,
			);
			path = "UI Components";
			sourceTree = "<group>";
		};
		DF8E8E342901A75600EA292D /* Interactor */ = {
			isa = PBXGroup;
			children = (
				DF8E8E372901A78B00EA292D /* FilterFormInteractor.swift */,
			);
			path = Interactor;
			sourceTree = "<group>";
		};
		DF8E8E352901A75D00EA292D /* Presenter */ = {
			isa = PBXGroup;
			children = (
				DFC34A722901AEBD00E0F688 /* FilterFormPresenter.swift */,
			);
			path = Presenter;
			sourceTree = "<group>";
		};
		DF8E8E362901A76400EA292D /* Router */ = {
			isa = PBXGroup;
			children = (
				DFC34A742901B37B00E0F688 /* FilterFormRouter.swift */,
			);
			path = Router;
			sourceTree = "<group>";
		};
/* End PBXGroup section */

/* Begin PBXNativeTarget section */
		DF0B85D728FDA308001C53C3 /* Dub Dub */ = {
			isa = PBXNativeTarget;
			buildConfigurationList = DF0B860528FDA309001C53C3 /* Build configuration list for PBXNativeTarget "Dub Dub" */;
			buildPhases = (
				DF0B85D428FDA308001C53C3 /* Sources */,
				DF0B85D528FDA308001C53C3 /* Frameworks */,
				DF0B85D628FDA308001C53C3 /* Resources */,
			);
			buildRules = (
			);
			dependencies = (
			);
			name = "Dub Dub";
			packageProductDependencies = (
			);
			productName = "Dub Dub";
			productReference = DF0B85D828FDA308001C53C3 /* Dub Dub.app */;
			productType = "com.apple.product-type.application";
		};
		DF0B85F028FDA309001C53C3 /* Dub DubTests */ = {
			isa = PBXNativeTarget;
			buildConfigurationList = DF0B860828FDA309001C53C3 /* Build configuration list for PBXNativeTarget "Dub DubTests" */;
			buildPhases = (
				DF0B85ED28FDA309001C53C3 /* Sources */,
				DF0B85EE28FDA309001C53C3 /* Frameworks */,
				DF0B85EF28FDA309001C53C3 /* Resources */,
			);
			buildRules = (
			);
			dependencies = (
				DF0B85F328FDA309001C53C3 /* PBXTargetDependency */,
			);
			name = "Dub DubTests";
			productName = "Dub DubTests";
			productReference = DF0B85F128FDA309001C53C3 /* Dub DubTests.xctest */;
			productType = "com.apple.product-type.bundle.unit-test";
		};
		DF0B85FA28FDA309001C53C3 /* Dub DubUITests */ = {
			isa = PBXNativeTarget;
			buildConfigurationList = DF0B860B28FDA309001C53C3 /* Build configuration list for PBXNativeTarget "Dub DubUITests" */;
			buildPhases = (
				DF0B85F728FDA309001C53C3 /* Sources */,
				DF0B85F828FDA309001C53C3 /* Frameworks */,
				DF0B85F928FDA309001C53C3 /* Resources */,
			);
			buildRules = (
			);
			dependencies = (
				DF0B85FD28FDA309001C53C3 /* PBXTargetDependency */,
			);
			name = "Dub DubUITests";
			productName = "Dub DubUITests";
			productReference = DF0B85FB28FDA309001C53C3 /* Dub DubUITests.xctest */;
			productType = "com.apple.product-type.bundle.ui-testing";
		};
/* End PBXNativeTarget section */

/* Begin PBXProject section */
		DF0B85D028FDA308001C53C3 /* Project object */ = {
			isa = PBXProject;
			attributes = {
				BuildIndependentTargetsInParallel = 1;
				LastSwiftUpdateCheck = 1400;
				LastUpgradeCheck = 1400;
				TargetAttributes = {
					DF0B85D728FDA308001C53C3 = {
						CreatedOnToolsVersion = 14.0;
					};
					DF0B85F028FDA309001C53C3 = {
						CreatedOnToolsVersion = 14.0;
						TestTargetID = DF0B85D728FDA308001C53C3;
					};
					DF0B85FA28FDA309001C53C3 = {
						CreatedOnToolsVersion = 14.0;
						TestTargetID = DF0B85D728FDA308001C53C3;
					};
				};
			};
			buildConfigurationList = DF0B85D328FDA308001C53C3 /* Build configuration list for PBXProject "Dub Dub" */;
			compatibilityVersion = "Xcode 14.0";
			developmentRegion = en;
			hasScannedForEncodings = 0;
			knownRegions = (
				en,
				Base,
			);
			mainGroup = DF0B85CF28FDA308001C53C3;
			packageReferences = (
			);
			productRefGroup = DF0B85D928FDA308001C53C3 /* Products */;
			projectDirPath = "";
			projectRoot = "";
			targets = (
				DF0B85D728FDA308001C53C3 /* Dub Dub */,
				DF0B85F028FDA309001C53C3 /* Dub DubTests */,
				DF0B85FA28FDA309001C53C3 /* Dub DubUITests */,
			);
		};
/* End PBXProject section */

/* Begin PBXResourcesBuildPhase section */
		DF0B85D628FDA308001C53C3 /* Resources */ = {
			isa = PBXResourcesBuildPhase;
			buildActionMask = 2147483647;
			files = (
				DF0B85EB28FDA309001C53C3 /* LaunchScreen.storyboard in Resources */,
				DF0B85E828FDA309001C53C3 /* Assets.xcassets in Resources */,
			);
			runOnlyForDeploymentPostprocessing = 0;
		};
		DF0B85EF28FDA309001C53C3 /* Resources */ = {
			isa = PBXResourcesBuildPhase;
			buildActionMask = 2147483647;
			files = (
			);
			runOnlyForDeploymentPostprocessing = 0;
		};
		DF0B85F928FDA309001C53C3 /* Resources */ = {
			isa = PBXResourcesBuildPhase;
			buildActionMask = 2147483647;
			files = (
			);
			runOnlyForDeploymentPostprocessing = 0;
		};
/* End PBXResourcesBuildPhase section */

/* Begin PBXSourcesBuildPhase section */
		DF0B85D428FDA308001C53C3 /* Sources */ = {
			isa = PBXSourcesBuildPhase;
			buildActionMask = 2147483647;
			files = (
				DF0B85E628FDA308001C53C3 /* Dub_Dub.xcdatamodeld in Sources */,
				DF0B86982900B77F001C53C3 /* FilterFormController.swift in Sources */,
				DF0B861828FDA617001C53C3 /* CharactersExplorerView.swift in Sources */,
				DF8E8E3329018ACA00EA292D /* CharacterFilter.swift in Sources */,
				DF0B864228FDCBA5001C53C3 /* CharacterResponse.swift in Sources */,
				DF0B868F28FF3E36001C53C3 /* CharactersExplorerInteractor.swift in Sources */,
				DF0B863728FDC691001C53C3 /* APIConstants.swift in Sources */,
				DF0B868A28FF35B0001C53C3 /* CharacterImageSpace.swift in Sources */,
				DF0B86AA2900CAB4001C53C3 /* PickerImageViewCell.swift in Sources */,
				DF0B868828FF2E73001C53C3 /* CharacterBigCell.swift in Sources */,
				DF0B868C28FF361F001C53C3 /* UIImageView.swift in Sources */,
				DF0B863428FDC5B6001C53C3 /* CharactersEndpoint.swift in Sources */,
				DFC34A732901AEBD00E0F688 /* FilterFormPresenter.swift in Sources */,
				DF0B85DC28FDA308001C53C3 /* AppDelegate.swift in Sources */,
				DF0B863228FDC527001C53C3 /* EndpointProtocol.swift in Sources */,
				DF0B862228FDAA77001C53C3 /* CharacterNetworkingWorker.swift in Sources */,
				DF0B863928FDC88E001C53C3 /* URLSessionHTTPClient.swift in Sources */,
				DF0B864028FDCAE9001C53C3 /* PaginationResponse.swift in Sources */,
				DF0B863C28FDC8CC001C53C3 /* APICallError.swift in Sources */,
				DF0B86A82900C749001C53C3 /* PickerImageView.swift in Sources */,
				DF0B867D28FEE3DC001C53C3 /* Characters.swift in Sources */,
				DF0B868228FEF3B6001C53C3 /* String.swift in Sources */,
				DF0B861F28FDA8E5001C53C3 /* CharactersExplorerFactory.swift in Sources */,
				DF0B861628FDA4AE001C53C3 /* CharactersExplorerController.swift in Sources */,
				DF0B86A52900C53F001C53C3 /* CharacterInfo.swift in Sources */,
				DF0B86A32900C13B001C53C3 /* FilterFormFactory.swift in Sources */,
				DFC34A752901B37B00E0F688 /* FilterFormRouter.swift in Sources */,
				DF0B867F28FEE493001C53C3 /* APICharacters.swift in Sources */,
				DF0B869B2900B7EE001C53C3 /* CharactersExplorerRouter.swift in Sources */,
				DF8E8E382901A78B00EA292D /* FilterFormInteractor.swift in Sources */,
				DF0B86A02900BEAC001C53C3 /* FilterFormView.swift in Sources */,
				DF0B861D28FDA754001C53C3 /* ViewCoding.swift in Sources */,
				DF0B869428FF7DD5001C53C3 /* CharacterTextContent.swift in Sources */,
				DF0B85DE28FDA308001C53C3 /* SceneDelegate.swift in Sources */,
				DF0B869228FF416B001C53C3 /* CharactersExplorerPresenter.swift in Sources */,
			);
			runOnlyForDeploymentPostprocessing = 0;
		};
		DF0B85ED28FDA309001C53C3 /* Sources */ = {
			isa = PBXSourcesBuildPhase;
			buildActionMask = 2147483647;
			files = (
				DF0B85F628FDA309001C53C3 /* Dub_DubTests.swift in Sources */,
			);
			runOnlyForDeploymentPostprocessing = 0;
		};
		DF0B85F728FDA309001C53C3 /* Sources */ = {
			isa = PBXSourcesBuildPhase;
			buildActionMask = 2147483647;
			files = (
			);
			runOnlyForDeploymentPostprocessing = 0;
		};
/* End PBXSourcesBuildPhase section */

/* Begin PBXTargetDependency section */
		DF0B85F328FDA309001C53C3 /* PBXTargetDependency */ = {
			isa = PBXTargetDependency;
			target = DF0B85D728FDA308001C53C3 /* Dub Dub */;
			targetProxy = DF0B85F228FDA309001C53C3 /* PBXContainerItemProxy */;
		};
		DF0B85FD28FDA309001C53C3 /* PBXTargetDependency */ = {
			isa = PBXTargetDependency;
			target = DF0B85D728FDA308001C53C3 /* Dub Dub */;
			targetProxy = DF0B85FC28FDA309001C53C3 /* PBXContainerItemProxy */;
		};
/* End PBXTargetDependency section */

/* Begin PBXVariantGroup section */
		DF0B85E928FDA309001C53C3 /* LaunchScreen.storyboard */ = {
			isa = PBXVariantGroup;
			children = (
				DF0B85EA28FDA309001C53C3 /* Base */,
			);
			name = LaunchScreen.storyboard;
			sourceTree = "<group>";
		};
/* End PBXVariantGroup section */

/* Begin XCBuildConfiguration section */
		DF0B860328FDA309001C53C3 /* Debug */ = {
			isa = XCBuildConfiguration;
			buildSettings = {
				ALWAYS_SEARCH_USER_PATHS = NO;
				CLANG_ANALYZER_NONNULL = YES;
				CLANG_ANALYZER_NUMBER_OBJECT_CONVERSION = YES_AGGRESSIVE;
				CLANG_CXX_LANGUAGE_STANDARD = "gnu++20";
				CLANG_ENABLE_MODULES = YES;
				CLANG_ENABLE_OBJC_ARC = YES;
				CLANG_ENABLE_OBJC_WEAK = YES;
				CLANG_WARN_BLOCK_CAPTURE_AUTORELEASING = YES;
				CLANG_WARN_BOOL_CONVERSION = YES;
				CLANG_WARN_COMMA = YES;
				CLANG_WARN_CONSTANT_CONVERSION = YES;
				CLANG_WARN_DEPRECATED_OBJC_IMPLEMENTATIONS = YES;
				CLANG_WARN_DIRECT_OBJC_ISA_USAGE = YES_ERROR;
				CLANG_WARN_DOCUMENTATION_COMMENTS = YES;
				CLANG_WARN_EMPTY_BODY = YES;
				CLANG_WARN_ENUM_CONVERSION = YES;
				CLANG_WARN_INFINITE_RECURSION = YES;
				CLANG_WARN_INT_CONVERSION = YES;
				CLANG_WARN_NON_LITERAL_NULL_CONVERSION = YES;
				CLANG_WARN_OBJC_IMPLICIT_RETAIN_SELF = YES;
				CLANG_WARN_OBJC_LITERAL_CONVERSION = YES;
				CLANG_WARN_OBJC_ROOT_CLASS = YES_ERROR;
				CLANG_WARN_QUOTED_INCLUDE_IN_FRAMEWORK_HEADER = YES;
				CLANG_WARN_RANGE_LOOP_ANALYSIS = YES;
				CLANG_WARN_STRICT_PROTOTYPES = YES;
				CLANG_WARN_SUSPICIOUS_MOVE = YES;
				CLANG_WARN_UNGUARDED_AVAILABILITY = YES_AGGRESSIVE;
				CLANG_WARN_UNREACHABLE_CODE = YES;
				CLANG_WARN__DUPLICATE_METHOD_MATCH = YES;
				COPY_PHASE_STRIP = NO;
				DEBUG_INFORMATION_FORMAT = dwarf;
				ENABLE_STRICT_OBJC_MSGSEND = YES;
				ENABLE_TESTABILITY = YES;
				GCC_C_LANGUAGE_STANDARD = gnu11;
				GCC_DYNAMIC_NO_PIC = NO;
				GCC_NO_COMMON_BLOCKS = YES;
				GCC_OPTIMIZATION_LEVEL = 0;
				GCC_PREPROCESSOR_DEFINITIONS = (
					"DEBUG=1",
					"$(inherited)",
				);
				GCC_WARN_64_TO_32_BIT_CONVERSION = YES;
				GCC_WARN_ABOUT_RETURN_TYPE = YES_ERROR;
				GCC_WARN_UNDECLARED_SELECTOR = YES;
				GCC_WARN_UNINITIALIZED_AUTOS = YES_AGGRESSIVE;
				GCC_WARN_UNUSED_FUNCTION = YES;
				GCC_WARN_UNUSED_VARIABLE = YES;
				IPHONEOS_DEPLOYMENT_TARGET = 16.0;
				MTL_ENABLE_DEBUG_INFO = INCLUDE_SOURCE;
				MTL_FAST_MATH = YES;
				ONLY_ACTIVE_ARCH = YES;
				SDKROOT = iphoneos;
				SWIFT_ACTIVE_COMPILATION_CONDITIONS = DEBUG;
				SWIFT_OPTIMIZATION_LEVEL = "-Onone";
			};
			name = Debug;
		};
		DF0B860428FDA309001C53C3 /* Release */ = {
			isa = XCBuildConfiguration;
			buildSettings = {
				ALWAYS_SEARCH_USER_PATHS = NO;
				CLANG_ANALYZER_NONNULL = YES;
				CLANG_ANALYZER_NUMBER_OBJECT_CONVERSION = YES_AGGRESSIVE;
				CLANG_CXX_LANGUAGE_STANDARD = "gnu++20";
				CLANG_ENABLE_MODULES = YES;
				CLANG_ENABLE_OBJC_ARC = YES;
				CLANG_ENABLE_OBJC_WEAK = YES;
				CLANG_WARN_BLOCK_CAPTURE_AUTORELEASING = YES;
				CLANG_WARN_BOOL_CONVERSION = YES;
				CLANG_WARN_COMMA = YES;
				CLANG_WARN_CONSTANT_CONVERSION = YES;
				CLANG_WARN_DEPRECATED_OBJC_IMPLEMENTATIONS = YES;
				CLANG_WARN_DIRECT_OBJC_ISA_USAGE = YES_ERROR;
				CLANG_WARN_DOCUMENTATION_COMMENTS = YES;
				CLANG_WARN_EMPTY_BODY = YES;
				CLANG_WARN_ENUM_CONVERSION = YES;
				CLANG_WARN_INFINITE_RECURSION = YES;
				CLANG_WARN_INT_CONVERSION = YES;
				CLANG_WARN_NON_LITERAL_NULL_CONVERSION = YES;
				CLANG_WARN_OBJC_IMPLICIT_RETAIN_SELF = YES;
				CLANG_WARN_OBJC_LITERAL_CONVERSION = YES;
				CLANG_WARN_OBJC_ROOT_CLASS = YES_ERROR;
				CLANG_WARN_QUOTED_INCLUDE_IN_FRAMEWORK_HEADER = YES;
				CLANG_WARN_RANGE_LOOP_ANALYSIS = YES;
				CLANG_WARN_STRICT_PROTOTYPES = YES;
				CLANG_WARN_SUSPICIOUS_MOVE = YES;
				CLANG_WARN_UNGUARDED_AVAILABILITY = YES_AGGRESSIVE;
				CLANG_WARN_UNREACHABLE_CODE = YES;
				CLANG_WARN__DUPLICATE_METHOD_MATCH = YES;
				COPY_PHASE_STRIP = NO;
				DEBUG_INFORMATION_FORMAT = "dwarf-with-dsym";
				ENABLE_NS_ASSERTIONS = NO;
				ENABLE_STRICT_OBJC_MSGSEND = YES;
				GCC_C_LANGUAGE_STANDARD = gnu11;
				GCC_NO_COMMON_BLOCKS = YES;
				GCC_WARN_64_TO_32_BIT_CONVERSION = YES;
				GCC_WARN_ABOUT_RETURN_TYPE = YES_ERROR;
				GCC_WARN_UNDECLARED_SELECTOR = YES;
				GCC_WARN_UNINITIALIZED_AUTOS = YES_AGGRESSIVE;
				GCC_WARN_UNUSED_FUNCTION = YES;
				GCC_WARN_UNUSED_VARIABLE = YES;
				IPHONEOS_DEPLOYMENT_TARGET = 16.0;
				MTL_ENABLE_DEBUG_INFO = NO;
				MTL_FAST_MATH = YES;
				SDKROOT = iphoneos;
				SWIFT_COMPILATION_MODE = wholemodule;
				SWIFT_OPTIMIZATION_LEVEL = "-O";
				VALIDATE_PRODUCT = YES;
			};
			name = Release;
		};
		DF0B860628FDA309001C53C3 /* Debug */ = {
			isa = XCBuildConfiguration;
			buildSettings = {
				ASSETCATALOG_COMPILER_APPICON_NAME = AppIcon;
				ASSETCATALOG_COMPILER_GLOBAL_ACCENT_COLOR_NAME = AccentColor;
				CODE_SIGN_STYLE = Automatic;
				CURRENT_PROJECT_VERSION = 1;
				DEVELOPMENT_TEAM = 3PC4MSN8T7;
				GENERATE_INFOPLIST_FILE = YES;
				INFOPLIST_FILE = "Dub Dub/Info.plist";
				INFOPLIST_KEY_UIApplicationSupportsIndirectInputEvents = YES;
				INFOPLIST_KEY_UILaunchStoryboardName = LaunchScreen;
				INFOPLIST_KEY_UIMainStoryboardFile = "";
				INFOPLIST_KEY_UISupportedInterfaceOrientations_iPad = "UIInterfaceOrientationPortrait UIInterfaceOrientationPortraitUpsideDown UIInterfaceOrientationLandscapeLeft UIInterfaceOrientationLandscapeRight";
				INFOPLIST_KEY_UISupportedInterfaceOrientations_iPhone = "UIInterfaceOrientationPortrait UIInterfaceOrientationLandscapeLeft UIInterfaceOrientationLandscapeRight";
				LD_RUNPATH_SEARCH_PATHS = (
					"$(inherited)",
					"@executable_path/Frameworks",
				);
				MARKETING_VERSION = 1.0;
				PRODUCT_BUNDLE_IDENTIFIER = "br.com.yago.Dub-Dub";
				PRODUCT_NAME = "$(TARGET_NAME)";
				SWIFT_EMIT_LOC_STRINGS = YES;
				SWIFT_VERSION = 5.0;
				TARGETED_DEVICE_FAMILY = "1,2";
			};
			name = Debug;
		};
		DF0B860728FDA309001C53C3 /* Release */ = {
			isa = XCBuildConfiguration;
			buildSettings = {
				ASSETCATALOG_COMPILER_APPICON_NAME = AppIcon;
				ASSETCATALOG_COMPILER_GLOBAL_ACCENT_COLOR_NAME = AccentColor;
				CODE_SIGN_STYLE = Automatic;
				CURRENT_PROJECT_VERSION = 1;
				DEVELOPMENT_TEAM = 3PC4MSN8T7;
				GENERATE_INFOPLIST_FILE = YES;
				INFOPLIST_FILE = "Dub Dub/Info.plist";
				INFOPLIST_KEY_UIApplicationSupportsIndirectInputEvents = YES;
				INFOPLIST_KEY_UILaunchStoryboardName = LaunchScreen;
				INFOPLIST_KEY_UIMainStoryboardFile = "";
				INFOPLIST_KEY_UISupportedInterfaceOrientations_iPad = "UIInterfaceOrientationPortrait UIInterfaceOrientationPortraitUpsideDown UIInterfaceOrientationLandscapeLeft UIInterfaceOrientationLandscapeRight";
				INFOPLIST_KEY_UISupportedInterfaceOrientations_iPhone = "UIInterfaceOrientationPortrait UIInterfaceOrientationLandscapeLeft UIInterfaceOrientationLandscapeRight";
				LD_RUNPATH_SEARCH_PATHS = (
					"$(inherited)",
					"@executable_path/Frameworks",
				);
				MARKETING_VERSION = 1.0;
				PRODUCT_BUNDLE_IDENTIFIER = "br.com.yago.Dub-Dub";
				PRODUCT_NAME = "$(TARGET_NAME)";
				SWIFT_EMIT_LOC_STRINGS = YES;
				SWIFT_VERSION = 5.0;
				TARGETED_DEVICE_FAMILY = "1,2";
			};
			name = Release;
		};
		DF0B860928FDA309001C53C3 /* Debug */ = {
			isa = XCBuildConfiguration;
			buildSettings = {
				ALWAYS_EMBED_SWIFT_STANDARD_LIBRARIES = YES;
				BUNDLE_LOADER = "$(TEST_HOST)";
				CODE_SIGN_STYLE = Automatic;
				CURRENT_PROJECT_VERSION = 1;
				DEVELOPMENT_TEAM = 3PC4MSN8T7;
				GENERATE_INFOPLIST_FILE = YES;
				IPHONEOS_DEPLOYMENT_TARGET = 16.0;
				MARKETING_VERSION = 1.0;
				PRODUCT_BUNDLE_IDENTIFIER = "br.com.yago.Dub-DubTests";
				PRODUCT_NAME = "$(TARGET_NAME)";
				SWIFT_EMIT_LOC_STRINGS = NO;
				SWIFT_VERSION = 5.0;
				TARGETED_DEVICE_FAMILY = "1,2";
				TEST_HOST = "$(BUILT_PRODUCTS_DIR)/Dub Dub.app/$(BUNDLE_EXECUTABLE_FOLDER_PATH)/Dub Dub";
			};
			name = Debug;
		};
		DF0B860A28FDA309001C53C3 /* Release */ = {
			isa = XCBuildConfiguration;
			buildSettings = {
				ALWAYS_EMBED_SWIFT_STANDARD_LIBRARIES = YES;
				BUNDLE_LOADER = "$(TEST_HOST)";
				CODE_SIGN_STYLE = Automatic;
				CURRENT_PROJECT_VERSION = 1;
				DEVELOPMENT_TEAM = 3PC4MSN8T7;
				GENERATE_INFOPLIST_FILE = YES;
				IPHONEOS_DEPLOYMENT_TARGET = 16.0;
				MARKETING_VERSION = 1.0;
				PRODUCT_BUNDLE_IDENTIFIER = "br.com.yago.Dub-DubTests";
				PRODUCT_NAME = "$(TARGET_NAME)";
				SWIFT_EMIT_LOC_STRINGS = NO;
				SWIFT_VERSION = 5.0;
				TARGETED_DEVICE_FAMILY = "1,2";
				TEST_HOST = "$(BUILT_PRODUCTS_DIR)/Dub Dub.app/$(BUNDLE_EXECUTABLE_FOLDER_PATH)/Dub Dub";
			};
			name = Release;
		};
		DF0B860C28FDA309001C53C3 /* Debug */ = {
			isa = XCBuildConfiguration;
			buildSettings = {
				ALWAYS_EMBED_SWIFT_STANDARD_LIBRARIES = YES;
				CODE_SIGN_STYLE = Automatic;
				CURRENT_PROJECT_VERSION = 1;
				DEVELOPMENT_TEAM = 3PC4MSN8T7;
				GENERATE_INFOPLIST_FILE = YES;
				MARKETING_VERSION = 1.0;
				PRODUCT_BUNDLE_IDENTIFIER = "br.com.yago.Dub-DubUITests";
				PRODUCT_NAME = "$(TARGET_NAME)";
				SWIFT_EMIT_LOC_STRINGS = NO;
				SWIFT_VERSION = 5.0;
				TARGETED_DEVICE_FAMILY = "1,2";
				TEST_TARGET_NAME = "Dub Dub";
			};
			name = Debug;
		};
		DF0B860D28FDA309001C53C3 /* Release */ = {
			isa = XCBuildConfiguration;
			buildSettings = {
				ALWAYS_EMBED_SWIFT_STANDARD_LIBRARIES = YES;
				CODE_SIGN_STYLE = Automatic;
				CURRENT_PROJECT_VERSION = 1;
				DEVELOPMENT_TEAM = 3PC4MSN8T7;
				GENERATE_INFOPLIST_FILE = YES;
				MARKETING_VERSION = 1.0;
				PRODUCT_BUNDLE_IDENTIFIER = "br.com.yago.Dub-DubUITests";
				PRODUCT_NAME = "$(TARGET_NAME)";
				SWIFT_EMIT_LOC_STRINGS = NO;
				SWIFT_VERSION = 5.0;
				TARGETED_DEVICE_FAMILY = "1,2";
				TEST_TARGET_NAME = "Dub Dub";
			};
			name = Release;
		};
/* End XCBuildConfiguration section */

/* Begin XCConfigurationList section */
		DF0B85D328FDA308001C53C3 /* Build configuration list for PBXProject "Dub Dub" */ = {
			isa = XCConfigurationList;
			buildConfigurations = (
				DF0B860328FDA309001C53C3 /* Debug */,
				DF0B860428FDA309001C53C3 /* Release */,
			);
			defaultConfigurationIsVisible = 0;
			defaultConfigurationName = Release;
		};
		DF0B860528FDA309001C53C3 /* Build configuration list for PBXNativeTarget "Dub Dub" */ = {
			isa = XCConfigurationList;
			buildConfigurations = (
				DF0B860628FDA309001C53C3 /* Debug */,
				DF0B860728FDA309001C53C3 /* Release */,
			);
			defaultConfigurationIsVisible = 0;
			defaultConfigurationName = Release;
		};
		DF0B860828FDA309001C53C3 /* Build configuration list for PBXNativeTarget "Dub DubTests" */ = {
			isa = XCConfigurationList;
			buildConfigurations = (
				DF0B860928FDA309001C53C3 /* Debug */,
				DF0B860A28FDA309001C53C3 /* Release */,
			);
			defaultConfigurationIsVisible = 0;
			defaultConfigurationName = Release;
		};
		DF0B860B28FDA309001C53C3 /* Build configuration list for PBXNativeTarget "Dub DubUITests" */ = {
			isa = XCConfigurationList;
			buildConfigurations = (
				DF0B860C28FDA309001C53C3 /* Debug */,
				DF0B860D28FDA309001C53C3 /* Release */,
			);
			defaultConfigurationIsVisible = 0;
			defaultConfigurationName = Release;
		};
/* End XCConfigurationList section */

/* Begin XCVersionGroup section */
		DF0B85E428FDA308001C53C3 /* Dub_Dub.xcdatamodeld */ = {
			isa = XCVersionGroup;
			children = (
				DF0B85E528FDA308001C53C3 /* Dub_Dub.xcdatamodel */,
			);
			currentVersion = DF0B85E528FDA308001C53C3 /* Dub_Dub.xcdatamodel */;
			path = Dub_Dub.xcdatamodeld;
			sourceTree = "<group>";
			versionGroupType = wrapper.xcdatamodel;
		};
/* End XCVersionGroup section */
	};
	rootObject = DF0B85D028FDA308001C53C3 /* Project object */;
}
